
Microsoft Visual Studio Solution File, Format Version 12.00
# Visual Studio Version 17
VisualStudioVersion = 17.2.32505.173
MinimumVisualStudioVersion = 10.0.40219.1
Project("{FAE04EC0-301F-11D3-BF4B-00C04F79EFBC}") = "Sysong", "Sysong\Sysong.csproj", "{F8C4CCFD-3F63-4AFF-95D8-84385B81A81A}"
EndProject
Global
	GlobalSection(SolutionConfigurationPlatforms) = preSolution
		Debug|Any CPU = Debug|Any CPU
		Release|Any CPU = Release|Any CPU
	EndGlobalSection
	GlobalSection(ProjectConfigurationPlatforms) = postSolution
		{F8C4CCFD-3F63-4AFF-95D8-84385B81A81A}.Debug|Any CPU.ActiveCfg = Debug|Any CPU
		{F8C4CCFD-3F63-4AFF-95D8-84385B81A81A}.Debug|Any CPU.Build.0 = Debug|Any CPU
		{F8C4CCFD-3F63-4AFF-95D8-84385B81A81A}.Release|Any CPU.ActiveCfg = Release|Any CPU
		{F8C4CCFD-3F63-4AFF-95D8-84385B81A81A}.Release|Any CPU.Build.0 = Release|Any CPU
	EndGlobalSection
	GlobalSection(SolutionProperties) = preSolution
		HideSolutionNode = FALSE
	EndGlobalSection
	GlobalSection(ExtensibilityGlobals) = postSolution
		SolutionGuid = {5B492141-DC33-4BB5-A1D1-6B4DE756A24E}
	EndGlobalSection
EndGlobal
